
Microsoft Visual Studio Solution File, Format Version 12.00
# Visual Studio 15
VisualStudioVersion = 15.0.26124.0
MinimumVisualStudioVersion = 15.0.26124.0
Project("{FAE04EC0-301F-11D3-BF4B-00C04F79EFBC}") = "MusalaGateway.Api", "MusalaGateway.Api\MusalaGateway.Api.csproj", "{98FBEBD8-42B7-4453-8233-65A4C0EEE7E7}"
EndProject
Project("{FAE04EC0-301F-11D3-BF4B-00C04F79EFBC}") = "MusalaGateway.Core", "MusalaGateway.Core\MusalaGateway.Core.csproj", "{479CFF9D-4DD0-41DF-A912-7139ABBD23C5}"
EndProject
Project("{FAE04EC0-301F-11D3-BF4B-00C04F79EFBC}") = "MusalaGateway.Data", "MusalaGateway.Data\MusalaGateway.Data.csproj", "{8BB4DC03-214A-4B0D-A9B7-AF28D218DD6A}"
EndProject
Project("{FAE04EC0-301F-11D3-BF4B-00C04F79EFBC}") = "MusalaGateway.Services", "MusalaGateway.Services\MusalaGateway.Services.csproj", "{36848D4F-59C4-4680-ACD7-411F14565ADB}"
EndProject
Global
	GlobalSection(SolutionConfigurationPlatforms) = preSolution
		Debug|Any CPU = Debug|Any CPU
		Debug|x64 = Debug|x64
		Debug|x86 = Debug|x86
		Release|Any CPU = Release|Any CPU
		Release|x64 = Release|x64
		Release|x86 = Release|x86
	EndGlobalSection
	GlobalSection(SolutionProperties) = preSolution
		HideSolutionNode = FALSE
	EndGlobalSection
	GlobalSection(ProjectConfigurationPlatforms) = postSolution
		{98FBEBD8-42B7-4453-8233-65A4C0EEE7E7}.Debug|Any CPU.ActiveCfg = Debug|Any CPU
		{98FBEBD8-42B7-4453-8233-65A4C0EEE7E7}.Debug|Any CPU.Build.0 = Debug|Any CPU
		{98FBEBD8-42B7-4453-8233-65A4C0EEE7E7}.Debug|x64.ActiveCfg = Debug|Any CPU
		{98FBEBD8-42B7-4453-8233-65A4C0EEE7E7}.Debug|x64.Build.0 = Debug|Any CPU
		{98FBEBD8-42B7-4453-8233-65A4C0EEE7E7}.Debug|x86.ActiveCfg = Debug|Any CPU
		{98FBEBD8-42B7-4453-8233-65A4C0EEE7E7}.Debug|x86.Build.0 = Debug|Any CPU
		{98FBEBD8-42B7-4453-8233-65A4C0EEE7E7}.Release|Any CPU.ActiveCfg = Release|Any CPU
		{98FBEBD8-42B7-4453-8233-65A4C0EEE7E7}.Release|Any CPU.Build.0 = Release|Any CPU
		{98FBEBD8-42B7-4453-8233-65A4C0EEE7E7}.Release|x64.ActiveCfg = Release|Any CPU
		{98FBEBD8-42B7-4453-8233-65A4C0EEE7E7}.Release|x64.Build.0 = Release|Any CPU
		{98FBEBD8-42B7-4453-8233-65A4C0EEE7E7}.Release|x86.ActiveCfg = Release|Any CPU
		{98FBEBD8-42B7-4453-8233-65A4C0EEE7E7}.Release|x86.Build.0 = Release|Any CPU
		{479CFF9D-4DD0-41DF-A912-7139ABBD23C5}.Debug|Any CPU.ActiveCfg = Debug|Any CPU
		{479CFF9D-4DD0-41DF-A912-7139ABBD23C5}.Debug|Any CPU.Build.0 = Debug|Any CPU
		{479CFF9D-4DD0-41DF-A912-7139ABBD23C5}.Debug|x64.ActiveCfg = Debug|Any CPU
		{479CFF9D-4DD0-41DF-A912-7139ABBD23C5}.Debug|x64.Build.0 = Debug|Any CPU
		{479CFF9D-4DD0-41DF-A912-7139ABBD23C5}.Debug|x86.ActiveCfg = Debug|Any CPU
		{479CFF9D-4DD0-41DF-A912-7139ABBD23C5}.Debug|x86.Build.0 = Debug|Any CPU
		{479CFF9D-4DD0-41DF-A912-7139ABBD23C5}.Release|Any CPU.ActiveCfg = Release|Any CPU
		{479CFF9D-4DD0-41DF-A912-7139ABBD23C5}.Release|Any CPU.Build.0 = Release|Any CPU
		{479CFF9D-4DD0-41DF-A912-7139ABBD23C5}.Release|x64.ActiveCfg = Release|Any CPU
		{479CFF9D-4DD0-41DF-A912-7139ABBD23C5}.Release|x64.Build.0 = Release|Any CPU
		{479CFF9D-4DD0-41DF-A912-7139ABBD23C5}.Release|x86.ActiveCfg = Release|Any CPU
		{479CFF9D-4DD0-41DF-A912-7139ABBD23C5}.Release|x86.Build.0 = Release|Any CPU
		{8BB4DC03-214A-4B0D-A9B7-AF28D218DD6A}.Debug|Any CPU.ActiveCfg = Debug|Any CPU
		{8BB4DC03-214A-4B0D-A9B7-AF28D218DD6A}.Debug|Any CPU.Build.0 = Debug|Any CPU
		{8BB4DC03-214A-4B0D-A9B7-AF28D218DD6A}.Debug|x64.ActiveCfg = Debug|Any CPU
		{8BB4DC03-214A-4B0D-A9B7-AF28D218DD6A}.Debug|x64.Build.0 = Debug|Any CPU
		{8BB4DC03-214A-4B0D-A9B7-AF28D218DD6A}.Debug|x86.ActiveCfg = Debug|Any CPU
		{8BB4DC03-214A-4B0D-A9B7-AF28D218DD6A}.Debug|x86.Build.0 = Debug|Any CPU
		{8BB4DC03-214A-4B0D-A9B7-AF28D218DD6A}.Release|Any CPU.ActiveCfg = Release|Any CPU
		{8BB4DC03-214A-4B0D-A9B7-AF28D218DD6A}.Release|Any CPU.Build.0 = Release|Any CPU
		{8BB4DC03-214A-4B0D-A9B7-AF28D218DD6A}.Release|x64.ActiveCfg = Release|Any CPU
		{8BB4DC03-214A-4B0D-A9B7-AF28D218DD6A}.Release|x64.Build.0 = Release|Any CPU
		{8BB4DC03-214A-4B0D-A9B7-AF28D218DD6A}.Release|x86.ActiveCfg = Release|Any CPU
		{8BB4DC03-214A-4B0D-A9B7-AF28D218DD6A}.Release|x86.Build.0 = Release|Any CPU
		{36848D4F-59C4-4680-ACD7-411F14565ADB}.Debug|Any CPU.ActiveCfg = Debug|Any CPU
		{36848D4F-59C4-4680-ACD7-411F14565ADB}.Debug|Any CPU.Build.0 = Debug|Any CPU
		{36848D4F-59C4-4680-ACD7-411F14565ADB}.Debug|x64.ActiveCfg = Debug|Any CPU
		{36848D4F-59C4-4680-ACD7-411F14565ADB}.Debug|x64.Build.0 = Debug|Any CPU
		{36848D4F-59C4-4680-ACD7-411F14565ADB}.Debug|x86.ActiveCfg = Debug|Any CPU
		{36848D4F-59C4-4680-ACD7-411F14565ADB}.Debug|x86.Build.0 = Debug|Any CPU
		{36848D4F-59C4-4680-ACD7-411F14565ADB}.Release|Any CPU.ActiveCfg = Release|Any CPU
		{36848D4F-59C4-4680-ACD7-411F14565ADB}.Release|Any CPU.Build.0 = Release|Any CPU
		{36848D4F-59C4-4680-ACD7-411F14565ADB}.Release|x64.ActiveCfg = Release|Any CPU
		{36848D4F-59C4-4680-ACD7-411F14565ADB}.Release|x64.Build.0 = Release|Any CPU
		{36848D4F-59C4-4680-ACD7-411F14565ADB}.Release|x86.ActiveCfg = Release|Any CPU
		{36848D4F-59C4-4680-ACD7-411F14565ADB}.Release|x86.Build.0 = Release|Any CPU
	EndGlobalSection
EndGlobal
